
Microsoft Visual Studio Solution File, Format Version 12.00
# Visual Studio Version 17
VisualStudioVersion = 17.3.32804.467
MinimumVisualStudioVersion = 10.0.40219.1
Project("{FAE04EC0-301F-11D3-BF4B-00C04F79EFBC}") = "MultiTenantApp", "MultiTenantApp\MultiTenantApp.csproj", "{B901F150-5307-4AD7-89DE-E36EB0BE50C1}"
EndProject
Global
	GlobalSection(SolutionConfigurationPlatforms) = preSolution
		Debug|Any CPU = Debug|Any CPU
		Release|Any CPU = Release|Any CPU
	EndGlobalSection
	GlobalSection(ProjectConfigurationPlatforms) = postSolution
		{B901F150-5307-4AD7-89DE-E36EB0BE50C1}.Debug|Any CPU.ActiveCfg = Debug|Any CPU
		{B901F150-5307-4AD7-89DE-E36EB0BE50C1}.Debug|Any CPU.Build.0 = Debug|Any CPU
		{B901F150-5307-4AD7-89DE-E36EB0BE50C1}.Release|Any CPU.ActiveCfg = Release|Any CPU
		{B901F150-5307-4AD7-89DE-E36EB0BE50C1}.Release|Any CPU.Build.0 = Release|Any CPU
	EndGlobalSection
	GlobalSection(SolutionProperties) = preSolution
		HideSolutionNode = FALSE
	EndGlobalSection
	GlobalSection(ExtensibilityGlobals) = postSolution
		SolutionGuid = {3991F153-9026-434A-8A6B-2B366E0010DB}
	EndGlobalSection
EndGlobal
